
Microsoft Visual Studio Solution File, Format Version 12.00
# Visual Studio Version 16
VisualStudioVersion = 16.0.29905.134
MinimumVisualStudioVersion = 10.0.40219.1
Project("{FAE04EC0-301F-11D3-BF4B-00C04F79EFBC}") = "IOS Code Sign Helper", "IOS Code Sign Helper\IOS Code Sign Helper.csproj", "{81C97B44-1DF5-4ADE-877A-A26C755C1C11}"
EndProject
Global
	GlobalSection(SolutionConfigurationPlatforms) = preSolution
		Debug|Any CPU = Debug|Any CPU
		Release|Any CPU = Release|Any CPU
	EndGlobalSection
	GlobalSection(ProjectConfigurationPlatforms) = postSolution
		{81C97B44-1DF5-4ADE-877A-A26C755C1C11}.Debug|Any CPU.ActiveCfg = Debug|Any CPU
		{81C97B44-1DF5-4ADE-877A-A26C755C1C11}.Debug|Any CPU.Build.0 = Debug|Any CPU
		{81C97B44-1DF5-4ADE-877A-A26C755C1C11}.Release|Any CPU.ActiveCfg = Release|Any CPU
		{81C97B44-1DF5-4ADE-877A-A26C755C1C11}.Release|Any CPU.Build.0 = Release|Any CPU
	EndGlobalSection
	GlobalSection(SolutionProperties) = preSolution
		HideSolutionNode = FALSE
	EndGlobalSection
	GlobalSection(ExtensibilityGlobals) = postSolution
		SolutionGuid = {064023BD-C61F-4F1A-ACF7-7F782984BE05}
	EndGlobalSection
EndGlobal
